Microsoft Visual Studio Solution File, Format Version 12.00
# Visual Studio Version 17
VisualStudioVersion = 17.5.2.0
MinimumVisualStudioVersion = 10.0.40219.1
Project("{FAE04EC0-301F-11D3-BF4B-00C04F79EFBC}") = "SentimentHub.Web", "SentimentHub.Web\SentimentHub.Web.csproj", "{5BD1DE9A-EDD4-2DF7-6E07-BCEB60C5ADEF}"
EndProject
Global
	GlobalSection(SolutionConfigurationPlatforms) = preSolution
		Debug|Any CPU = Debug|Any CPU
		Release|Any CPU = Release|Any CPU
	EndGlobalSection
	GlobalSection(ProjectConfigurationPlatforms) = postSolution
		{5BD1DE9A-EDD4-2DF7-6E07-BCEB60C5ADEF}.Debug|Any CPU.ActiveCfg = Debug|Any CPU
		{5BD1DE9A-EDD4-2DF7-6E07-BCEB60C5ADEF}.Debug|Any CPU.Build.0 = Debug|Any CPU
		{5BD1DE9A-EDD4-2DF7-6E07-BCEB60C5ADEF}.Release|Any CPU.ActiveCfg = Release|Any CPU
		{5BD1DE9A-EDD4-2DF7-6E07-BCEB60C5ADEF}.Release|Any CPU.Build.0 = Release|Any CPU
	EndGlobalSection
	GlobalSection(SolutionProperties) = preSolution
		HideSolutionNode = FALSE
	EndGlobalSection
	GlobalSection(ExtensibilityGlobals) = postSolution
		SolutionGuid = {89F8085B-0562-44CE-B6C4-8905C64FB730}
	EndGlobalSection
EndGlobal
